
Microsoft Visual Studio Solution File, Format Version 12.00
# Visual Studio Version 17
VisualStudioVersion = 17.4.33213.308
MinimumVisualStudioVersion = 10.0.40219.1
Project("{FAE04EC0-301F-11D3-BF4B-00C04F79EFBC}") = "Money", "Money\Money.csproj", "{1F10B969-2F7F-4B02-A5CB-EE2AB2595DD9}"
EndProject
Global
	GlobalSection(SolutionConfigurationPlatforms) = preSolution
		Debug|Any CPU = Debug|Any CPU
		Release|Any CPU = Release|Any CPU
	EndGlobalSection
	GlobalSection(ProjectConfigurationPlatforms) = postSolution
		{1F10B969-2F7F-4B02-A5CB-EE2AB2595DD9}.Debug|Any CPU.ActiveCfg = Debug|Any CPU
		{1F10B969-2F7F-4B02-A5CB-EE2AB2595DD9}.Debug|Any CPU.Build.0 = Debug|Any CPU
		{1F10B969-2F7F-4B02-A5CB-EE2AB2595DD9}.Release|Any CPU.ActiveCfg = Release|Any CPU
		{1F10B969-2F7F-4B02-A5CB-EE2AB2595DD9}.Release|Any CPU.Build.0 = Release|Any CPU
	EndGlobalSection
	GlobalSection(SolutionProperties) = preSolution
		HideSolutionNode = FALSE
	EndGlobalSection
	GlobalSection(ExtensibilityGlobals) = postSolution
		SolutionGuid = {9A5000B0-260E-4ED8-AE45-929A370F478A}
	EndGlobalSection
EndGlobal
